
Microsoft Visual Studio Solution File, Format Version 11.00
# Visual C++ Express 2010
Project("{8BC9CEB8-8B4A-11D0-8D11-00A0C91BC942}") = "areks.win32", "areks.win32.vcxproj", "{70F9C5FC-B96B-4D5E-80A3-8723A968E4F7}"
EndProject
Global
	GlobalSection(SolutionConfigurationPlatforms) = preSolution
		Debug|Win32 = Debug|Win32
		Release|Win32 = Release|Win32
	EndGlobalSection
	GlobalSection(ProjectConfigurationPlatforms) = postSolution
		{70F9C5FC-B96B-4D5E-80A3-8723A968E4F7}.Debug|Win32.ActiveCfg = Debug|Win32
		{70F9C5FC-B96B-4D5E-80A3-8723A968E4F7}.Debug|Win32.Build.0 = Debug|Win32
		{70F9C5FC-B96B-4D5E-80A3-8723A968E4F7}.Release|Win32.ActiveCfg = Release|Win32
		{70F9C5FC-B96B-4D5E-80A3-8723A968E4F7}.Release|Win32.Build.0 = Release|Win32
	EndGlobalSection
	GlobalSection(SolutionProperties) = preSolution
		HideSolutionNode = FALSE
	EndGlobalSection
EndGlobal
