<?xml version="1.0" encoding="utf-8"?>
<Project ToolsVersion="4.0" xmlns="http://schemas.microsoft.com/developer/msbuild/2003">
  <ItemGroup>
    <ClCompile Include="main.cpp">
      <Filter>source\win</Filter>
    </ClCompile>
    <ClCompile Include="..\..\..\client\physics.cpp">
      <Filter>source\game</Filter>
    </ClCompile>
    <ClCompile Include="..\..\..\client\view.cpp">
      <Filter>source\game</Filter>
    </ClCompile>
    <ClCompile Include="..\..\..\client\loop.cpp">
      <Filter>source\game</Filter>
    </ClCompile>
    <ClCompile Include="..\..\..\client\action_handler.cpp">
      <Filter>source\game</Filter>
    </ClCompile>
    <ClCompile Include="..\..\..\client\app_delegate.cpp">
      <Filter>source\game</Filter>
    </ClCompile>
    <ClCompile Include="..\..\..\client\object_manager.cpp">
      <Filter>source\game</Filter>
    </ClCompile>
    <ClCompile Include="..\..\..\client\objects\base_object.cpp">
      <Filter>source\game\objects</Filter>
    </ClCompile>
    <ClCompile Include="..\..\..\client\objects\platform.cpp">
      <Filter>source\game\objects</Filter>
    </ClCompile>
    <ClCompile Include="..\..\..\client\objects\object_interfaces.cpp">
      <Filter>source\game\objects</Filter>
    </ClCompile>
    <ClCompile Include="..\..\..\client\game_logic.cpp">
      <Filter>source\game</Filter>
    </ClCompile>
    <ClCompile Include="..\..\..\client\objects\background.cpp">
      <Filter>source\game\objects</Filter>
    </ClCompile>
    <ClCompile Include="..\..\..\client\level_manager.cpp">
      <Filter>source\game</Filter>
    </ClCompile>
    <ClCompile Include="..\..\..\client\primitives.cpp">
      <Filter>source\game</Filter>
    </ClCompile>
    <ClCompile Include="..\..\..\client\objects\rope.cpp">
      <Filter>source\game\objects</Filter>
    </ClCompile>
    <ClCompile Include="..\..\..\client\objects\ball.cpp">
      <Filter>source\game\objects</Filter>
    </ClCompile>
    <ClCompile Include="..\..\..\client\resource_utils.cpp">
      <Filter>source\game</Filter>
    </ClCompile>
    <ClCompile Include="..\..\..\client\body_definitions.cpp">
      <Filter>source\game</Filter>
    </ClCompile>
<<<<<<< HEAD
    <ClCompile Include="..\..\..\client\splash_screen.cpp">
=======
    <ClCompile Include="..\..\..\client\player.cpp">
      <Filter>source\game</Filter>
    </ClCompile>
    <ClCompile Include="..\..\..\client\objects\player\body.cpp">
      <Filter>source\game\objects\player</Filter>
    </ClCompile>
    <ClCompile Include="..\..\..\client\objects\player\head.cpp">
      <Filter>source\game\objects\player</Filter>
    </ClCompile>
    <ClCompile Include="..\..\..\client\triangulator.cpp">
>>>>>>> Continue work on platform. Temp disable platform. Subsystem Player. Player Body and Head
      <Filter>source\game</Filter>
    </ClCompile>
  </ItemGroup>
  <ItemGroup>
    <ClInclude Include="..\..\..\common\subsystem.hpp">
      <Filter>source\common</Filter>
    </ClInclude>
    <ClInclude Include="..\..\..\common\noncopyable.hpp">
      <Filter>source\common</Filter>
    </ClInclude>
    <ClInclude Include="..\..\..\common\master.hpp">
      <Filter>source\common</Filter>
    </ClInclude>
    <ClInclude Include="..\..\..\common\config.hpp">
      <Filter>source\common</Filter>
    </ClInclude>
    <ClInclude Include="main.h">
      <Filter>source\win</Filter>
    </ClInclude>
    <ClInclude Include="resource.h">
      <Filter>source\win</Filter>
    </ClInclude>
    <ClInclude Include="..\..\..\client\defs.hpp">
      <Filter>source\game</Filter>
    </ClInclude>
    <ClInclude Include="..\..\..\client\primitives.hpp">
      <Filter>source\game</Filter>
    </ClInclude>
    <ClInclude Include="..\..\..\client\physics.hpp">
      <Filter>source\game</Filter>
    </ClInclude>
    <ClInclude Include="..\..\..\client\view.hpp">
      <Filter>source\game</Filter>
    </ClInclude>
    <ClInclude Include="..\..\..\client\action_handler.hpp">
      <Filter>source\game</Filter>
    </ClInclude>
    <ClInclude Include="..\..\..\client\loop.hpp">
      <Filter>source\game</Filter>
    </ClInclude>
    <ClInclude Include="..\..\..\client\app_delegate.h">
      <Filter>source\game</Filter>
    </ClInclude>
    <ClInclude Include="..\..\..\client\object_manager.hpp">
      <Filter>source\game</Filter>
    </ClInclude>
    <ClInclude Include="..\..\..\client\objects\base_object.hpp">
      <Filter>source\game\objects</Filter>
    </ClInclude>
    <ClInclude Include="..\..\..\client\objects\platform.hpp">
      <Filter>source\game\objects</Filter>
    </ClInclude>
    <ClInclude Include="..\..\..\client\objects\object_interfaces.hpp">
      <Filter>source\game\objects</Filter>
    </ClInclude>
    <ClInclude Include="..\..\..\client\game_logic.hpp">
      <Filter>source\game</Filter>
    </ClInclude>
    <ClInclude Include="..\..\..\client\objects\backoground.hpp" />
    <ClInclude Include="..\..\..\client\objects\background.hpp">
      <Filter>source\game\objects</Filter>
    </ClInclude>
    <ClInclude Include="..\..\..\client\level_manager.hpp">
      <Filter>source\game</Filter>
    </ClInclude>
    <ClInclude Include="..\..\..\client\objects\rope.hpp">
      <Filter>source\game\objects</Filter>
    </ClInclude>
    <ClInclude Include="..\..\..\client\objects\ball.hpp">
      <Filter>source\game\objects</Filter>
    </ClInclude>
    <ClInclude Include="..\..\..\client\resource_utils.hpp">
      <Filter>source\game</Filter>
    </ClInclude>
    <ClInclude Include="..\..\..\client\splash_screen.hpp">
      <Filter>source\game</Filter>
    </ClInclude>
    <ClInclude Include="..\..\..\client\body_definitions.hpp">
      <Filter>source\game</Filter>
    </ClInclude>
    <ClInclude Include="..\..\..\client\player.hpp">
      <Filter>source\game</Filter>
    </ClInclude>
    <ClInclude Include="..\..\..\client\objects\player\body.hpp">
      <Filter>source\game\objects\player</Filter>
    </ClInclude>
    <ClInclude Include="..\..\..\client\objects\player\head.hpp">
      <Filter>source\game\objects\player</Filter>
    </ClInclude>
    <ClInclude Include="..\..\..\client\triangulator.hpp">
      <Filter>source\game</Filter>
    </ClInclude>
  </ItemGroup>
  <ItemGroup>
    <ResourceCompile Include="areks.rc" />
  </ItemGroup>
  <ItemGroup>
    <None Include="res\areks.ico" />
  </ItemGroup>
  <ItemGroup>
    <Filter Include="source">
      <UniqueIdentifier>{54c8ce72-fbe6-41ab-881c-f2440b0ed21c}</UniqueIdentifier>
    </Filter>
    <Filter Include="source\common">
      <UniqueIdentifier>{5c39037d-1329-4f49-8f22-86cbdb86da18}</UniqueIdentifier>
    </Filter>
    <Filter Include="source\win">
      <UniqueIdentifier>{01cdf574-1d26-4793-ac76-731caad561d4}</UniqueIdentifier>
    </Filter>
    <Filter Include="source\game">
      <UniqueIdentifier>{97baf809-7d3d-4ec9-96a0-ed7d8869294d}</UniqueIdentifier>
    </Filter>
    <Filter Include="source\game\objects">
      <UniqueIdentifier>{cc6ebe2c-c54f-4613-9973-0d7230a3f184}</UniqueIdentifier>
    </Filter>
    <Filter Include="source\game\objects\player">
      <UniqueIdentifier>{56579b1f-d725-445f-ad86-7e0e34199099}</UniqueIdentifier>
    </Filter>
  </ItemGroup>
</Project>