<?xml version="1.0" encoding="utf-8"?>
<Project ToolsVersion="4.0" xmlns="http://schemas.microsoft.com/developer/msbuild/2003">
  <ItemGroup>
    <ClCompile Include="main.cpp">
      <Filter>Source\Win</Filter>
    </ClCompile>
    <ClCompile Include="..\..\..\client\Physics.cpp">
      <Filter>Source\Game</Filter>
    </ClCompile>
    <ClCompile Include="..\..\..\client\View.cpp">
      <Filter>Source\Game</Filter>
    </ClCompile>
    <ClCompile Include="..\..\..\client\Loop.cpp">
      <Filter>Source\Game</Filter>
    </ClCompile>
    <ClCompile Include="..\..\..\client\ActionHandler.cpp">
      <Filter>Source\Game</Filter>
    </ClCompile>
    <ClCompile Include="..\..\..\client\AppDelegate.cpp">
      <Filter>Source\Game</Filter>
    </ClCompile>
    <ClCompile Include="..\..\..\client\ObjectManager.cpp">
      <Filter>Source\Game</Filter>
    </ClCompile>
    <ClCompile Include="..\..\..\client\Objects\BaseObject.cpp">
      <Filter>Source\Game\Objects</Filter>
    </ClCompile>
    <ClCompile Include="..\..\..\client\Objects\Platform.cpp">
      <Filter>Source\Game\Objects</Filter>
    </ClCompile>
    <ClCompile Include="..\..\..\client\Objects\ObjectInterfaces.cpp">
      <Filter>Source\Game\Objects</Filter>
    </ClCompile>
    <ClCompile Include="..\..\..\client\GameLogic.cpp">
      <Filter>Source\Game</Filter>
    </ClCompile>
  </ItemGroup>
  <ItemGroup>
    <ClInclude Include="..\..\..\common\subsystem.hpp">
      <Filter>Source\Common</Filter>
    </ClInclude>
    <ClInclude Include="..\..\..\common\noncopyable.hpp">
      <Filter>Source\Common</Filter>
    </ClInclude>
    <ClInclude Include="..\..\..\common\master.hpp">
      <Filter>Source\Common</Filter>
    </ClInclude>
    <ClInclude Include="..\..\..\common\config.hpp">
      <Filter>Source\Common</Filter>
    </ClInclude>
    <ClInclude Include="main.h">
      <Filter>Source\Win</Filter>
    </ClInclude>
    <ClInclude Include="resource.h">
      <Filter>Source\Win</Filter>
    </ClInclude>
    <ClInclude Include="..\..\..\client\defs.hpp">
      <Filter>Source\Game</Filter>
    </ClInclude>
    <ClInclude Include="..\..\..\client\Primitives.hpp">
      <Filter>Source\Game</Filter>
    </ClInclude>
    <ClInclude Include="..\..\..\client\Physics.hpp">
      <Filter>Source\Game</Filter>
    </ClInclude>
    <ClInclude Include="..\..\..\client\View.hpp">
      <Filter>Source\Game</Filter>
    </ClInclude>
    <ClInclude Include="..\..\..\client\ActionHandler.hpp">
      <Filter>Source\Game</Filter>
    </ClInclude>
    <ClInclude Include="..\..\..\client\Loop.hpp">
      <Filter>Source\Game</Filter>
    </ClInclude>
    <ClInclude Include="..\..\..\client\AppDelegate.h">
      <Filter>Source\Game</Filter>
    </ClInclude>
    <ClInclude Include="..\..\..\client\ObjectManager.hpp">
      <Filter>Source\Game</Filter>
    </ClInclude>
    <ClInclude Include="..\..\..\client\Objects\BaseObject.hpp">
      <Filter>Source\Game\Objects</Filter>
    </ClInclude>
    <ClInclude Include="..\..\..\client\Objects\Platform.hpp">
      <Filter>Source\Game\Objects</Filter>
    </ClInclude>
    <ClInclude Include="..\..\..\client\Objects\ObjectInterfaces.hpp">
      <Filter>Source\Game\Objects</Filter>
    </ClInclude>
    <ClInclude Include="..\..\..\client\GameLogic.hpp">
      <Filter>Source\Game</Filter>
    </ClInclude>
  </ItemGroup>
  <ItemGroup>
    <ResourceCompile Include="areks.rc" />
  </ItemGroup>
  <ItemGroup>
    <None Include="res\areks.ico" />
    <None Include="..\Resources\CloseNormal.png">
      <Filter>Resources</Filter>
    </None>
    <None Include="..\Resources\CloseSelected.png">
      <Filter>Resources</Filter>
    </None>
    <None Include="..\Resources\fps_images-hd.png">
      <Filter>Resources</Filter>
    </None>
    <None Include="..\Resources\fps_images-ipadhd.png">
      <Filter>Resources</Filter>
    </None>
    <None Include="..\Resources\fps_images.png">
      <Filter>Resources</Filter>
    </None>
    <None Include="..\Resources\HelloWorld.png">
      <Filter>Resources</Filter>
    </None>
  </ItemGroup>
  <ItemGroup>
    <Filter Include="Resources">
      <UniqueIdentifier>{cc8f9a9c-d14a-4fa1-8f76-4dc71f5e19e1}</UniqueIdentifier>
    </Filter>
    <Filter Include="Source">
      <UniqueIdentifier>{54c8ce72-fbe6-41ab-881c-f2440b0ed21c}</UniqueIdentifier>
    </Filter>
    <Filter Include="Source\Common">
      <UniqueIdentifier>{5c39037d-1329-4f49-8f22-86cbdb86da18}</UniqueIdentifier>
    </Filter>
    <Filter Include="Source\Win">
      <UniqueIdentifier>{01cdf574-1d26-4793-ac76-731caad561d4}</UniqueIdentifier>
    </Filter>
    <Filter Include="Source\Game">
      <UniqueIdentifier>{97baf809-7d3d-4ec9-96a0-ed7d8869294d}</UniqueIdentifier>
    </Filter>
    <Filter Include="Source\Game\Objects">
      <UniqueIdentifier>{cc6ebe2c-c54f-4613-9973-0d7230a3f184}</UniqueIdentifier>
    </Filter>
  </ItemGroup>
</Project>