<?xml version="1.0" encoding="utf-8"?>
<Project ToolsVersion="4.0" xmlns="http://schemas.microsoft.com/developer/msbuild/2003">
  <ItemGroup>
    <ClCompile Include="main.cpp">
      <Filter>source\win</Filter>
    </ClCompile>
    <ClCompile Include="..\..\..\client\app_delegate.cpp">
      <Filter>source\client</Filter>
    </ClCompile>
    <ClCompile Include="..\..\..\client\objects\base_object.cpp">
      <Filter>source\client\objects</Filter>
    </ClCompile>
    <ClCompile Include="..\..\..\client\objects\platform.cpp">
      <Filter>source\client\objects</Filter>
    </ClCompile>
    <ClCompile Include="..\..\..\client\objects\object_interfaces.cpp">
      <Filter>source\client\objects</Filter>
    </ClCompile>
    <ClCompile Include="..\..\..\client\objects\background.cpp">
      <Filter>source\client\objects</Filter>
    </ClCompile>
    <ClCompile Include="..\..\..\client\primitives.cpp">
      <Filter>source\client</Filter>
    </ClCompile>
    <ClCompile Include="..\..\..\client\objects\rope.cpp">
      <Filter>source\client\objects</Filter>
    </ClCompile>
    <ClCompile Include="..\..\..\client\objects\ball.cpp">
      <Filter>source\client\objects</Filter>
    </ClCompile>
    <ClCompile Include="..\..\..\client\resource_utils.cpp">
      <Filter>source\client</Filter>
    </ClCompile>
    <ClCompile Include="..\..\..\client\body_definitions.cpp">
      <Filter>source\client</Filter>
    </ClCompile>
    <ClCompile Include="..\..\..\client\objects\player\body.cpp">
      <Filter>source\client\objects\player</Filter>
    </ClCompile>
    <ClCompile Include="..\..\..\client\objects\player\head.cpp">
      <Filter>source\client\objects\player</Filter>
    </ClCompile>
    <ClCompile Include="..\..\..\client\triangulator.cpp">
      <Filter>source\client</Filter>
    </ClCompile>
    <ClCompile Include="..\..\..\json\json_reader.cpp">
      <Filter>source\json</Filter>
    </ClCompile>
    <ClCompile Include="..\..\..\json\json_value.cpp">
      <Filter>source\json</Filter>
    </ClCompile>
    <ClCompile Include="..\..\..\json\json_writer.cpp">
      <Filter>source\json</Filter>
    </ClCompile>
    <ClCompile Include="..\..\..\client\objects\enemy.cpp">
      <Filter>source\client\objects</Filter>
    </ClCompile>
    <ClCompile Include="..\..\..\client\animation.cpp">
      <Filter>source\client</Filter>
    </ClCompile>
    <ClCompile Include="..\..\..\client\polygon_sprite.cpp">
      <Filter>source\client</Filter>
    </ClCompile>
    <ClCompile Include="..\..\..\client\loop.cpp">
      <Filter>source\client\subsystems</Filter>
    </ClCompile>
    <ClCompile Include="..\..\..\client\action_handler.cpp">
      <Filter>source\client\subsystems</Filter>
    </ClCompile>
    <ClCompile Include="..\..\..\client\game_logic.cpp">
      <Filter>source\client\subsystems</Filter>
    </ClCompile>
    <ClCompile Include="..\..\..\client\level_manager.cpp">
      <Filter>source\client\subsystems</Filter>
    </ClCompile>
    <ClCompile Include="..\..\..\client\loading_screen.cpp">
      <Filter>source\client\subsystems</Filter>
    </ClCompile>
    <ClCompile Include="..\..\..\client\main_menu.cpp">
      <Filter>source\client\subsystems</Filter>
    </ClCompile>
    <ClCompile Include="..\..\..\client\object_manager.cpp">
      <Filter>source\client\subsystems</Filter>
    </ClCompile>
    <ClCompile Include="..\..\..\client\physics.cpp">
      <Filter>source\client\subsystems</Filter>
    </ClCompile>
    <ClCompile Include="..\..\..\client\player.cpp">
      <Filter>source\client\subsystems</Filter>
    </ClCompile>
    <ClCompile Include="..\..\..\client\splash_screen.cpp">
      <Filter>source\client\subsystems</Filter>
    </ClCompile>
    <ClCompile Include="..\..\..\client\view.cpp">
      <Filter>source\client\subsystems</Filter>
    </ClCompile>
    <ClCompile Include="..\..\..\client\objects\player\neck.cpp">
      <Filter>source\client\objects\player</Filter>
    </ClCompile>
    <ClCompile Include="..\..\..\client\objects\player\neck2.cpp">
      <Filter>source\client\objects\player</Filter>
    </ClCompile>
    <ClCompile Include="..\..\..\client\effects\flying_text.cpp">
      <Filter>source\client\effects</Filter>
    </ClCompile>
    <ClCompile Include="..\..\..\client\effects\effect_base.cpp">
      <Filter>source\client\effects</Filter>
    </ClCompile>
    <ClCompile Include="..\..\..\client\effect_manager.cpp">
      <Filter>source\client\subsystems</Filter>
    </ClCompile>
    <ClCompile Include="..\..\..\client\effects\arrow.cpp">
      <Filter>source\client\effects</Filter>
    </ClCompile>
  </ItemGroup>
  <ItemGroup>
    <ClInclude Include="..\..\..\common\subsystem.hpp">
      <Filter>source\common</Filter>
    </ClInclude>
    <ClInclude Include="..\..\..\common\noncopyable.hpp">
      <Filter>source\common</Filter>
    </ClInclude>
    <ClInclude Include="..\..\..\common\master.hpp">
      <Filter>source\common</Filter>
    </ClInclude>
    <ClInclude Include="..\..\..\common\config.hpp">
      <Filter>source\common</Filter>
    </ClInclude>
    <ClInclude Include="main.h">
      <Filter>source\win</Filter>
    </ClInclude>
    <ClInclude Include="resource.h">
      <Filter>source\win</Filter>
    </ClInclude>
    <ClInclude Include="..\..\..\client\defs.hpp">
      <Filter>source\client</Filter>
    </ClInclude>
    <ClInclude Include="..\..\..\client\primitives.hpp">
      <Filter>source\client</Filter>
    </ClInclude>
    <ClInclude Include="..\..\..\client\app_delegate.h">
      <Filter>source\client</Filter>
    </ClInclude>
    <ClInclude Include="..\..\..\client\objects\base_object.hpp">
      <Filter>source\client\objects</Filter>
    </ClInclude>
    <ClInclude Include="..\..\..\client\objects\platform.hpp">
      <Filter>source\client\objects</Filter>
    </ClInclude>
    <ClInclude Include="..\..\..\client\objects\object_interfaces.hpp">
      <Filter>source\client\objects</Filter>
    </ClInclude>
    <ClInclude Include="..\..\..\client\objects\background.hpp">
      <Filter>source\client\objects</Filter>
    </ClInclude>
    <ClInclude Include="..\..\..\client\objects\rope.hpp">
      <Filter>source\client\objects</Filter>
    </ClInclude>
    <ClInclude Include="..\..\..\client\objects\ball.hpp">
      <Filter>source\client\objects</Filter>
    </ClInclude>
    <ClInclude Include="..\..\..\client\resource_utils.hpp">
      <Filter>source\client</Filter>
    </ClInclude>
    <ClInclude Include="..\..\..\client\body_definitions.hpp">
      <Filter>source\client</Filter>
    </ClInclude>
    <ClInclude Include="..\..\..\client\objects\player\body.hpp">
      <Filter>source\client\objects\player</Filter>
    </ClInclude>
    <ClInclude Include="..\..\..\client\objects\player\head.hpp">
      <Filter>source\client\objects\player</Filter>
    </ClInclude>
    <ClInclude Include="..\..\..\client\triangulator.hpp">
      <Filter>source\client</Filter>
    </ClInclude>
    <ClInclude Include="..\..\..\json\autolink.h">
      <Filter>source\json</Filter>
    </ClInclude>
    <ClInclude Include="..\..\..\json\config.h">
      <Filter>source\json</Filter>
    </ClInclude>
    <ClInclude Include="..\..\..\json\features.h">
      <Filter>source\json</Filter>
    </ClInclude>
    <ClInclude Include="..\..\..\json\forwards.h">
      <Filter>source\json</Filter>
    </ClInclude>
    <ClInclude Include="..\..\..\json\json.h">
      <Filter>source\json</Filter>
    </ClInclude>
    <ClInclude Include="..\..\..\json\json_batchallocator.h">
      <Filter>source\json</Filter>
    </ClInclude>
    <ClInclude Include="..\..\..\json\json_tool.h">
      <Filter>source\json</Filter>
    </ClInclude>
    <ClInclude Include="..\..\..\json\reader.h">
      <Filter>source\json</Filter>
    </ClInclude>
    <ClInclude Include="..\..\..\json\value.h">
      <Filter>source\json</Filter>
    </ClInclude>
    <ClInclude Include="..\..\..\json\writer.h">
      <Filter>source\json</Filter>
    </ClInclude>
    <ClInclude Include="..\..\..\client\objects\enemy.hpp">
      <Filter>source\client\objects</Filter>
    </ClInclude>
    <ClInclude Include="..\..\..\client\animation.hpp">
      <Filter>source\client</Filter>
    </ClInclude>
    <ClInclude Include="..\..\..\client\polygon_sprite.hpp">
      <Filter>source\client</Filter>
    </ClInclude>
    <ClInclude Include="..\..\..\client\loop.hpp">
      <Filter>source\client\subsystems</Filter>
    </ClInclude>
    <ClInclude Include="..\..\..\client\action_handler.hpp">
      <Filter>source\client\subsystems</Filter>
    </ClInclude>
    <ClInclude Include="..\..\..\client\game_logic.hpp">
      <Filter>source\client\subsystems</Filter>
    </ClInclude>
    <ClInclude Include="..\..\..\client\level_manager.hpp">
      <Filter>source\client\subsystems</Filter>
    </ClInclude>
    <ClInclude Include="..\..\..\client\loading_screen.hpp">
      <Filter>source\client\subsystems</Filter>
    </ClInclude>
    <ClInclude Include="..\..\..\client\main_menu.hpp">
      <Filter>source\client\subsystems</Filter>
    </ClInclude>
    <ClInclude Include="..\..\..\client\object_manager.hpp">
      <Filter>source\client\subsystems</Filter>
    </ClInclude>
    <ClInclude Include="..\..\..\client\physics.hpp">
      <Filter>source\client\subsystems</Filter>
    </ClInclude>
    <ClInclude Include="..\..\..\client\player.hpp">
      <Filter>source\client\subsystems</Filter>
    </ClInclude>
    <ClInclude Include="..\..\..\client\splash_screen.hpp">
      <Filter>source\client\subsystems</Filter>
    </ClInclude>
    <ClInclude Include="..\..\..\client\view.hpp">
      <Filter>source\client\subsystems</Filter>
    </ClInclude>
    <ClInclude Include="..\..\..\client\objects\player\neck.hpp">
      <Filter>source\client\objects\player</Filter>
    </ClInclude>
    <ClInclude Include="..\..\..\client\objects\player\neck2.hpp">
      <Filter>source\client\objects\player</Filter>
    </ClInclude>
    <ClInclude Include="..\..\..\client\effects\flying_text.hpp">
      <Filter>source\client\effects</Filter>
    </ClInclude>
    <ClInclude Include="..\..\..\client\effects\effect_base.hpp">
      <Filter>source\client\effects</Filter>
    </ClInclude>
    <ClInclude Include="..\..\..\client\effect_manager.hpp">
      <Filter>source\client\subsystems</Filter>
    </ClInclude>
    <ClInclude Include="..\..\..\client\effects\arrow.hpp">
      <Filter>source\client\effects</Filter>
    </ClInclude>
  </ItemGroup>
  <ItemGroup>
    <ResourceCompile Include="areks.rc" />
  </ItemGroup>
  <ItemGroup>
    <None Include="res\areks.ico" />
    <None Include="..\..\..\json\json_internalarray.inl">
      <Filter>source\json</Filter>
    </None>
    <None Include="..\..\..\json\json_internalmap.inl">
      <Filter>source\json</Filter>
    </None>
    <None Include="..\..\..\json\json_valueiterator.inl">
      <Filter>source\json</Filter>
    </None>
  </ItemGroup>
  <ItemGroup>
    <Filter Include="source">
      <UniqueIdentifier>{54c8ce72-fbe6-41ab-881c-f2440b0ed21c}</UniqueIdentifier>
    </Filter>
    <Filter Include="source\common">
      <UniqueIdentifier>{5c39037d-1329-4f49-8f22-86cbdb86da18}</UniqueIdentifier>
    </Filter>
    <Filter Include="source\win">
      <UniqueIdentifier>{01cdf574-1d26-4793-ac76-731caad561d4}</UniqueIdentifier>
    </Filter>
    <Filter Include="source\json">
      <UniqueIdentifier>{ea6b3ad6-4ab8-45de-9d6c-92004af81a21}</UniqueIdentifier>
    </Filter>
    <Filter Include="source\client">
      <UniqueIdentifier>{97baf809-7d3d-4ec9-96a0-ed7d8869294d}</UniqueIdentifier>
    </Filter>
    <Filter Include="source\client\objects">
      <UniqueIdentifier>{cc6ebe2c-c54f-4613-9973-0d7230a3f184}</UniqueIdentifier>
    </Filter>
    <Filter Include="source\client\objects\player">
      <UniqueIdentifier>{56579b1f-d725-445f-ad86-7e0e34199099}</UniqueIdentifier>
    </Filter>
    <Filter Include="source\client\subsystems">
      <UniqueIdentifier>{119ba086-770d-463e-99ca-8c23d0995116}</UniqueIdentifier>
    </Filter>
    <Filter Include="source\client\effects">
      <UniqueIdentifier>{d137a6d9-1d71-4a17-8e0d-4ee53cd28373}</UniqueIdentifier>
    </Filter>
  </ItemGroup>
</Project>